
Microsoft Visual Studio Solution File, Format Version 12.00
# Visual Studio Version 17
VisualStudioVersion = 17.5.33530.505
MinimumVisualStudioVersion = 10.0.40219.1
Project("{FAE04EC0-301F-11D3-BF4B-00C04F79EFBC}") = "ByteBankUWP", "ByteBankUWP\ByteBankUWP.csproj", "{FD31C26F-1B2E-4C08-9097-57C9787E6868}"
EndProject
Project("{C7167F0D-BC9F-4E6E-AFE1-012C56B48DB5}") = "ByteBankPackage", "ByteBankPackage\ByteBankPackage.wapproj", "{7D80860E-D68F-406B-971E-980908A02C7B}"
EndProject
Project("{FAE04EC0-301F-11D3-BF4B-00C04F79EFBC}") = "DeviceAppService", "DeviceAppService\DeviceAppService.csproj", "{C7F64CA8-6C3F-4E52-B825-5647C0F8641A}"
EndProject
Project("{FAE04EC0-301F-11D3-BF4B-00C04F79EFBC}") = "ByteBankWin32", "ByteBankWin32\ByteBankWin32.csproj", "{91256639-55EC-493C-8AF8-83E3B88E2BB1}"
EndProject
Project("{FAE04EC0-301F-11D3-BF4B-00C04F79EFBC}") = "AppServiceProvider", "AppServiceProvider\AppServiceProvider.csproj", "{3464F39D-255C-4D5D-B2DF-0C6334A9A19A}"
EndProject
Global
	GlobalSection(SolutionConfigurationPlatforms) = preSolution
		Debug|Any CPU = Debug|Any CPU
		Debug|ARM = Debug|ARM
		Debug|ARM64 = Debug|ARM64
		Debug|x64 = Debug|x64
		Debug|x86 = Debug|x86
		Release|Any CPU = Release|Any CPU
		Release|ARM = Release|ARM
		Release|ARM64 = Release|ARM64
		Release|x64 = Release|x64
		Release|x86 = Release|x86
	EndGlobalSection
	GlobalSection(ProjectConfigurationPlatforms) = postSolution
		{FD31C26F-1B2E-4C08-9097-57C9787E6868}.Debug|Any CPU.ActiveCfg = Debug|x64
		{FD31C26F-1B2E-4C08-9097-57C9787E6868}.Debug|Any CPU.Build.0 = Debug|x64
		{FD31C26F-1B2E-4C08-9097-57C9787E6868}.Debug|Any CPU.Deploy.0 = Debug|x64
		{FD31C26F-1B2E-4C08-9097-57C9787E6868}.Debug|ARM.ActiveCfg = Debug|ARM
		{FD31C26F-1B2E-4C08-9097-57C9787E6868}.Debug|ARM.Build.0 = Debug|ARM
		{FD31C26F-1B2E-4C08-9097-57C9787E6868}.Debug|ARM.Deploy.0 = Debug|ARM
		{FD31C26F-1B2E-4C08-9097-57C9787E6868}.Debug|ARM64.ActiveCfg = Debug|ARM64
		{FD31C26F-1B2E-4C08-9097-57C9787E6868}.Debug|ARM64.Build.0 = Debug|ARM64
		{FD31C26F-1B2E-4C08-9097-57C9787E6868}.Debug|ARM64.Deploy.0 = Debug|ARM64
		{FD31C26F-1B2E-4C08-9097-57C9787E6868}.Debug|x64.ActiveCfg = Debug|x64
		{FD31C26F-1B2E-4C08-9097-57C9787E6868}.Debug|x64.Build.0 = Debug|x64
		{FD31C26F-1B2E-4C08-9097-57C9787E6868}.Debug|x64.Deploy.0 = Debug|x64
		{FD31C26F-1B2E-4C08-9097-57C9787E6868}.Debug|x86.ActiveCfg = Debug|x86
		{FD31C26F-1B2E-4C08-9097-57C9787E6868}.Debug|x86.Build.0 = Debug|x86
		{FD31C26F-1B2E-4C08-9097-57C9787E6868}.Debug|x86.Deploy.0 = Debug|x86
		{FD31C26F-1B2E-4C08-9097-57C9787E6868}.Release|Any CPU.ActiveCfg = Release|x64
		{FD31C26F-1B2E-4C08-9097-57C9787E6868}.Release|Any CPU.Build.0 = Release|x64
		{FD31C26F-1B2E-4C08-9097-57C9787E6868}.Release|Any CPU.Deploy.0 = Release|x64
		{FD31C26F-1B2E-4C08-9097-57C9787E6868}.Release|ARM.ActiveCfg = Release|ARM
		{FD31C26F-1B2E-4C08-9097-57C9787E6868}.Release|ARM.Build.0 = Release|ARM
		{FD31C26F-1B2E-4C08-9097-57C9787E6868}.Release|ARM.Deploy.0 = Release|ARM
		{FD31C26F-1B2E-4C08-9097-57C9787E6868}.Release|ARM64.ActiveCfg = Release|ARM64
		{FD31C26F-1B2E-4C08-9097-57C9787E6868}.Release|ARM64.Build.0 = Release|ARM64
		{FD31C26F-1B2E-4C08-9097-57C9787E6868}.Release|ARM64.Deploy.0 = Release|ARM64
		{FD31C26F-1B2E-4C08-9097-57C9787E6868}.Release|x64.ActiveCfg = Release|x64
		{FD31C26F-1B2E-4C08-9097-57C9787E6868}.Release|x64.Build.0 = Release|x64
		{FD31C26F-1B2E-4C08-9097-57C9787E6868}.Release|x64.Deploy.0 = Release|x64
		{FD31C26F-1B2E-4C08-9097-57C9787E6868}.Release|x86.ActiveCfg = Release|x86
		{FD31C26F-1B2E-4C08-9097-57C9787E6868}.Release|x86.Build.0 = Release|x86
		{FD31C26F-1B2E-4C08-9097-57C9787E6868}.Release|x86.Deploy.0 = Release|x86
		{7D80860E-D68F-406B-971E-980908A02C7B}.Debug|Any CPU.ActiveCfg = Debug|Any CPU
		{7D80860E-D68F-406B-971E-980908A02C7B}.Debug|Any CPU.Build.0 = Debug|Any CPU
		{7D80860E-D68F-406B-971E-980908A02C7B}.Debug|Any CPU.Deploy.0 = Debug|Any CPU
		{7D80860E-D68F-406B-971E-980908A02C7B}.Debug|ARM.ActiveCfg = Debug|ARM
		{7D80860E-D68F-406B-971E-980908A02C7B}.Debug|ARM.Build.0 = Debug|ARM
		{7D80860E-D68F-406B-971E-980908A02C7B}.Debug|ARM.Deploy.0 = Debug|ARM
		{7D80860E-D68F-406B-971E-980908A02C7B}.Debug|ARM64.ActiveCfg = Debug|ARM64
		{7D80860E-D68F-406B-971E-980908A02C7B}.Debug|ARM64.Build.0 = Debug|ARM64
		{7D80860E-D68F-406B-971E-980908A02C7B}.Debug|ARM64.Deploy.0 = Debug|ARM64
		{7D80860E-D68F-406B-971E-980908A02C7B}.Debug|x64.ActiveCfg = Debug|x64
		{7D80860E-D68F-406B-971E-980908A02C7B}.Debug|x64.Build.0 = Debug|x64
		{7D80860E-D68F-406B-971E-980908A02C7B}.Debug|x64.Deploy.0 = Debug|x64
		{7D80860E-D68F-406B-971E-980908A02C7B}.Debug|x86.ActiveCfg = Debug|x86
		{7D80860E-D68F-406B-971E-980908A02C7B}.Debug|x86.Build.0 = Debug|x86
		{7D80860E-D68F-406B-971E-980908A02C7B}.Debug|x86.Deploy.0 = Debug|x86
		{7D80860E-D68F-406B-971E-980908A02C7B}.Release|Any CPU.ActiveCfg = Release|Any CPU
		{7D80860E-D68F-406B-971E-980908A02C7B}.Release|Any CPU.Build.0 = Release|Any CPU
		{7D80860E-D68F-406B-971E-980908A02C7B}.Release|Any CPU.Deploy.0 = Release|Any CPU
		{7D80860E-D68F-406B-971E-980908A02C7B}.Release|ARM.ActiveCfg = Release|ARM
		{7D80860E-D68F-406B-971E-980908A02C7B}.Release|ARM.Build.0 = Release|ARM
		{7D80860E-D68F-406B-971E-980908A02C7B}.Release|ARM.Deploy.0 = Release|ARM
		{7D80860E-D68F-406B-971E-980908A02C7B}.Release|ARM64.ActiveCfg = Release|ARM64
		{7D80860E-D68F-406B-971E-980908A02C7B}.Release|ARM64.Build.0 = Release|ARM64
		{7D80860E-D68F-406B-971E-980908A02C7B}.Release|ARM64.Deploy.0 = Release|ARM64
		{7D80860E-D68F-406B-971E-980908A02C7B}.Release|x64.ActiveCfg = Release|x64
		{7D80860E-D68F-406B-971E-980908A02C7B}.Release|x64.Build.0 = Release|x64
		{7D80860E-D68F-406B-971E-980908A02C7B}.Release|x64.Deploy.0 = Release|x64
		{7D80860E-D68F-406B-971E-980908A02C7B}.Release|x86.ActiveCfg = Release|x86
		{7D80860E-D68F-406B-971E-980908A02C7B}.Release|x86.Build.0 = Release|x86
		{7D80860E-D68F-406B-971E-980908A02C7B}.Release|x86.Deploy.0 = Release|x86
		{C7F64CA8-6C3F-4E52-B825-5647C0F8641A}.Debug|Any CPU.ActiveCfg = Debug|Any CPU
		{C7F64CA8-6C3F-4E52-B825-5647C0F8641A}.Debug|Any CPU.Build.0 = Debug|Any CPU
		{C7F64CA8-6C3F-4E52-B825-5647C0F8641A}.Debug|ARM.ActiveCfg = Debug|ARM
		{C7F64CA8-6C3F-4E52-B825-5647C0F8641A}.Debug|ARM.Build.0 = Debug|ARM
		{C7F64CA8-6C3F-4E52-B825-5647C0F8641A}.Debug|ARM64.ActiveCfg = Debug|ARM64
		{C7F64CA8-6C3F-4E52-B825-5647C0F8641A}.Debug|ARM64.Build.0 = Debug|ARM64
		{C7F64CA8-6C3F-4E52-B825-5647C0F8641A}.Debug|x64.ActiveCfg = Debug|x64
		{C7F64CA8-6C3F-4E52-B825-5647C0F8641A}.Debug|x64.Build.0 = Debug|x64
		{C7F64CA8-6C3F-4E52-B825-5647C0F8641A}.Debug|x86.ActiveCfg = Debug|x86
		{C7F64CA8-6C3F-4E52-B825-5647C0F8641A}.Debug|x86.Build.0 = Debug|x86
		{C7F64CA8-6C3F-4E52-B825-5647C0F8641A}.Release|Any CPU.ActiveCfg = Release|Any CPU
		{C7F64CA8-6C3F-4E52-B825-5647C0F8641A}.Release|Any CPU.Build.0 = Release|Any CPU
		{C7F64CA8-6C3F-4E52-B825-5647C0F8641A}.Release|ARM.ActiveCfg = Release|ARM
		{C7F64CA8-6C3F-4E52-B825-5647C0F8641A}.Release|ARM.Build.0 = Release|ARM
		{C7F64CA8-6C3F-4E52-B825-5647C0F8641A}.Release|ARM64.ActiveCfg = Release|ARM64
		{C7F64CA8-6C3F-4E52-B825-5647C0F8641A}.Release|ARM64.Build.0 = Release|ARM64
		{C7F64CA8-6C3F-4E52-B825-5647C0F8641A}.Release|x64.ActiveCfg = Release|x64
		{C7F64CA8-6C3F-4E52-B825-5647C0F8641A}.Release|x64.Build.0 = Release|x64
		{C7F64CA8-6C3F-4E52-B825-5647C0F8641A}.Release|x86.ActiveCfg = Release|x86
		{C7F64CA8-6C3F-4E52-B825-5647C0F8641A}.Release|x86.Build.0 = Release|x86
		{91256639-55EC-493C-8AF8-83E3B88E2BB1}.Debug|Any CPU.ActiveCfg = Debug|Any CPU
		{91256639-55EC-493C-8AF8-83E3B88E2BB1}.Debug|Any CPU.Build.0 = Debug|Any CPU
		{91256639-55EC-493C-8AF8-83E3B88E2BB1}.Debug|ARM.ActiveCfg = Debug|Any CPU
		{91256639-55EC-493C-8AF8-83E3B88E2BB1}.Debug|ARM.Build.0 = Debug|Any CPU
		{91256639-55EC-493C-8AF8-83E3B88E2BB1}.Debug|ARM64.ActiveCfg = Debug|Any CPU
		{91256639-55EC-493C-8AF8-83E3B88E2BB1}.Debug|ARM64.Build.0 = Debug|Any CPU
		{91256639-55EC-493C-8AF8-83E3B88E2BB1}.Debug|x64.ActiveCfg = Debug|Any CPU
		{91256639-55EC-493C-8AF8-83E3B88E2BB1}.Debug|x64.Build.0 = Debug|Any CPU
		{91256639-55EC-493C-8AF8-83E3B88E2BB1}.Debug|x86.ActiveCfg = Debug|Any CPU
		{91256639-55EC-493C-8AF8-83E3B88E2BB1}.Debug|x86.Build.0 = Debug|Any CPU
		{91256639-55EC-493C-8AF8-83E3B88E2BB1}.Release|Any CPU.ActiveCfg = Release|Any CPU
		{91256639-55EC-493C-8AF8-83E3B88E2BB1}.Release|Any CPU.Build.0 = Release|Any CPU
		{91256639-55EC-493C-8AF8-83E3B88E2BB1}.Release|ARM.ActiveCfg = Release|Any CPU
		{91256639-55EC-493C-8AF8-83E3B88E2BB1}.Release|ARM.Build.0 = Release|Any CPU
		{91256639-55EC-493C-8AF8-83E3B88E2BB1}.Release|ARM64.ActiveCfg = Release|Any CPU
		{91256639-55EC-493C-8AF8-83E3B88E2BB1}.Release|ARM64.Build.0 = Release|Any CPU
		{91256639-55EC-493C-8AF8-83E3B88E2BB1}.Release|x64.ActiveCfg = Release|Any CPU
		{91256639-55EC-493C-8AF8-83E3B88E2BB1}.Release|x64.Build.0 = Release|Any CPU
		{91256639-55EC-493C-8AF8-83E3B88E2BB1}.Release|x86.ActiveCfg = Release|Any CPU
		{91256639-55EC-493C-8AF8-83E3B88E2BB1}.Release|x86.Build.0 = Release|Any CPU
		{3464F39D-255C-4D5D-B2DF-0C6334A9A19A}.Debug|Any CPU.ActiveCfg = Debug|x64
		{3464F39D-255C-4D5D-B2DF-0C6334A9A19A}.Debug|Any CPU.Build.0 = Debug|x64
		{3464F39D-255C-4D5D-B2DF-0C6334A9A19A}.Debug|Any CPU.Deploy.0 = Debug|x64
		{3464F39D-255C-4D5D-B2DF-0C6334A9A19A}.Debug|ARM.ActiveCfg = Debug|ARM
		{3464F39D-255C-4D5D-B2DF-0C6334A9A19A}.Debug|ARM.Build.0 = Debug|ARM
		{3464F39D-255C-4D5D-B2DF-0C6334A9A19A}.Debug|ARM.Deploy.0 = Debug|ARM
		{3464F39D-255C-4D5D-B2DF-0C6334A9A19A}.Debug|ARM64.ActiveCfg = Debug|ARM64
		{3464F39D-255C-4D5D-B2DF-0C6334A9A19A}.Debug|ARM64.Build.0 = Debug|ARM64
		{3464F39D-255C-4D5D-B2DF-0C6334A9A19A}.Debug|ARM64.Deploy.0 = Debug|ARM64
		{3464F39D-255C-4D5D-B2DF-0C6334A9A19A}.Debug|x64.ActiveCfg = Debug|x64
		{3464F39D-255C-4D5D-B2DF-0C6334A9A19A}.Debug|x64.Build.0 = Debug|x64
		{3464F39D-255C-4D5D-B2DF-0C6334A9A19A}.Debug|x64.Deploy.0 = Debug|x64
		{3464F39D-255C-4D5D-B2DF-0C6334A9A19A}.Debug|x86.ActiveCfg = Debug|x86
		{3464F39D-255C-4D5D-B2DF-0C6334A9A19A}.Debug|x86.Build.0 = Debug|x86
		{3464F39D-255C-4D5D-B2DF-0C6334A9A19A}.Debug|x86.Deploy.0 = Debug|x86
		{3464F39D-255C-4D5D-B2DF-0C6334A9A19A}.Release|Any CPU.ActiveCfg = Release|x64
		{3464F39D-255C-4D5D-B2DF-0C6334A9A19A}.Release|Any CPU.Build.0 = Release|x64
		{3464F39D-255C-4D5D-B2DF-0C6334A9A19A}.Release|Any CPU.Deploy.0 = Release|x64
		{3464F39D-255C-4D5D-B2DF-0C6334A9A19A}.Release|ARM.ActiveCfg = Release|ARM
		{3464F39D-255C-4D5D-B2DF-0C6334A9A19A}.Release|ARM.Build.0 = Release|ARM
		{3464F39D-255C-4D5D-B2DF-0C6334A9A19A}.Release|ARM.Deploy.0 = Release|ARM
		{3464F39D-255C-4D5D-B2DF-0C6334A9A19A}.Release|ARM64.ActiveCfg = Release|ARM64
		{3464F39D-255C-4D5D-B2DF-0C6334A9A19A}.Release|ARM64.Build.0 = Release|ARM64
		{3464F39D-255C-4D5D-B2DF-0C6334A9A19A}.Release|ARM64.Deploy.0 = Release|ARM64
		{3464F39D-255C-4D5D-B2DF-0C6334A9A19A}.Release|x64.ActiveCfg = Release|x64
		{3464F39D-255C-4D5D-B2DF-0C6334A9A19A}.Release|x64.Build.0 = Release|x64
		{3464F39D-255C-4D5D-B2DF-0C6334A9A19A}.Release|x64.Deploy.0 = Release|x64
		{3464F39D-255C-4D5D-B2DF-0C6334A9A19A}.Release|x86.ActiveCfg = Release|x86
		{3464F39D-255C-4D5D-B2DF-0C6334A9A19A}.Release|x86.Build.0 = Release|x86
		{3464F39D-255C-4D5D-B2DF-0C6334A9A19A}.Release|x86.Deploy.0 = Release|x86
	EndGlobalSection
	GlobalSection(SolutionProperties) = preSolution
		HideSolutionNode = FALSE
	EndGlobalSection
	GlobalSection(ExtensibilityGlobals) = postSolution
		SolutionGuid = {C7C83AF5-5015-4FCB-994E-2D3A8A9FE081}
	EndGlobalSection
EndGlobal
